<Solution>
  <Project Path="BookStoreMinimalApi.Application/BookStoreMinimalApi.Application.csproj" />
  <Project Path="BookStoreMinimalApi.Data/BookStoreMinimalApi.Data.csproj" />
  <Project Path="BookStoreMinimalApi.Domain/BookStoreMinimalApi.Domain.csproj" />

  <Project Path="BookStoreMinimalApi/BookStoreMinimalApi.csproj" />
</Solution>
